// !$*UTF8*$!
{
	archiveVersion = 1;
	classes = {
	};
	objectVersion = 50;
	objects = {

/* Begin PBXBuildFile section */
		3453DABE21DEF16F0033F5F7 /* Assets.xcassets in Resources */ = {isa = PBXBuildFile; fileRef = 3453DABD21DEF16F0033F5F7 /* Assets.xcassets */; };
		349F5F6621D84A4E007CA2D3 /* StopTableController.swift in Sources */ = {isa = PBXBuildFile; fileRef = 349F5F6221D84A4D007CA2D3 /* StopTableController.swift */; };
		349F5F6721D84A4E007CA2D3 /* RouteTableController.swift in Sources */ = {isa = PBXBuildFile; fileRef = 349F5F6321D84A4D007CA2D3 /* RouteTableController.swift */; };
		349F5F6821D84A4E007CA2D3 /* Model.swift in Sources */ = {isa = PBXBuildFile; fileRef = 349F5F6421D84A4D007CA2D3 /* Model.swift */; };
		349F5F6921D84A4E007CA2D3 /* BusViewer.swift in Sources */ = {isa = PBXBuildFile; fileRef = 349F5F6521D84A4D007CA2D3 /* BusViewer.swift */; };
		349FCD9B21D849B70001977B /* AppDelegate.swift in Sources */ = {isa = PBXBuildFile; fileRef = 349FCD9A21D849B70001977B /* AppDelegate.swift */; };
		349FCD9D21D849B70001977B /* ViewController.swift in Sources */ = {isa = PBXBuildFile; fileRef = 349FCD9C21D849B70001977B /* ViewController.swift */; };
		349FCDA021D849B70001977B /* Main.storyboard in Resources */ = {isa = PBXBuildFile; fileRef = 349FCD9E21D849B70001977B /* Main.storyboard */; };
		349FCDA521D849B80001977B /* LaunchScreen.storyboard in Resources */ = {isa = PBXBuildFile; fileRef = 349FCDA321D849B80001977B /* LaunchScreen.storyboard */; };
		349FCDB021D849B80001977B /* Bronco_ExpressUITests.swift in Sources */ = {isa = PBXBuildFile; fileRef = 349FCDAF21D849B80001977B /* Bronco_ExpressUITests.swift */; };
		34E5F40021DAFFEF006FB858 /* UIProgressViewStyling.swift in Sources */ = {isa = PBXBuildFile; fileRef = 34E5F3FF21DAFFEF006FB858 /* UIProgressViewStyling.swift */; };
		34E5F40621DB01E1006FB858 /* Lato-Regular.ttf in Resources */ = {isa = PBXBuildFile; fileRef = 34E5F40221DB01E0006FB858 /* Lato-Regular.ttf */; };
		34E5F40721DB01E1006FB858 /* Lato-Hairline.ttf in Resources */ = {isa = PBXBuildFile; fileRef = 34E5F40321DB01E0006FB858 /* Lato-Hairline.ttf */; };
		34E5F40821DB01E1006FB858 /* Lato-Light.ttf in Resources */ = {isa = PBXBuildFile; fileRef = 34E5F40421DB01E0006FB858 /* Lato-Light.ttf */; };
		34E5F40921DB01E1006FB858 /* Lato-Bold.ttf in Resources */ = {isa = PBXBuildFile; fileRef = 34E5F40521DB01E0006FB858 /* Lato-Bold.ttf */; };
		3776DD7E4A31B7727CC548E3 /* Pods_Bronco_ExpressUITests.framework in Frameworks */ = {isa = PBXBuildFile; fileRef = 7B6956AF51B828226C1B54A6 /* Pods_Bronco_ExpressUITests.framework */; };
		B1771A630F858B3FB838BCF4 /* Pods_Bronco_Express.framework in Frameworks */ = {isa = PBXBuildFile; fileRef = 3345EE871A06B02A24FAD9AA /* Pods_Bronco_Express.framework */; };
/* End PBXBuildFile section */

/* Begin PBXContainerItemProxy section */
		349FCDAC21D849B80001977B /* PBXContainerItemProxy */ = {
			isa = PBXContainerItemProxy;
			containerPortal = 349FCD8F21D849B70001977B /* Project object */;
			proxyType = 1;
			remoteGlobalIDString = 349FCD9621D849B70001977B;
			remoteInfo = "Bronco Express";
		};
/* End PBXContainerItemProxy section */

/* Begin PBXFileReference section */
		11C0E40F8DB7EC121F363435 /* Pods-Bronco ExpressUITests.debug.xcconfig */ = {isa = PBXFileReference; includeInIndex = 1; lastKnownFileType = text.xcconfig; name = "Pods-Bronco ExpressUITests.debug.xcconfig"; path = "Pods/Target Support Files/Pods-Bronco ExpressUITests/Pods-Bronco ExpressUITests.debug.xcconfig"; sourceTree = "<group>"; };
		32E8CA87CDF9179F34C92E19 /* Pods-Bronco Express.release.xcconfig */ = {isa = PBXFileReference; includeInIndex = 1; lastKnownFileType = text.xcconfig; name = "Pods-Bronco Express.release.xcconfig"; path = "Pods/Target Support Files/Pods-Bronco Express/Pods-Bronco Express.release.xcconfig"; sourceTree = "<group>"; };
		3345EE871A06B02A24FAD9AA /* Pods_Bronco_Express.framework */ = {isa = PBXFileReference; explicitFileType = wrapper.framework; includeInIndex = 0; path = Pods_Bronco_Express.framework; sourceTree = BUILT_PRODUCTS_DIR; };
		3453DABD21DEF16F0033F5F7 /* Assets.xcassets */ = {isa = PBXFileReference; lastKnownFileType = folder.assetcatalog; path = Assets.xcassets; sourceTree = "<group>"; };
		349F5F6221D84A4D007CA2D3 /* StopTableController.swift */ = {isa = PBXFileReference; fileEncoding = 4; lastKnownFileType = sourcecode.swift; path = StopTableController.swift; sourceTree = "<group>"; };
		349F5F6321D84A4D007CA2D3 /* RouteTableController.swift */ = {isa = PBXFileReference; fileEncoding = 4; lastKnownFileType = sourcecode.swift; path = RouteTableController.swift; sourceTree = "<group>"; };
		349F5F6421D84A4D007CA2D3 /* Model.swift */ = {isa = PBXFileReference; fileEncoding = 4; lastKnownFileType = sourcecode.swift; path = Model.swift; sourceTree = "<group>"; };
		349F5F6521D84A4D007CA2D3 /* BusViewer.swift */ = {isa = PBXFileReference; fileEncoding = 4; lastKnownFileType = sourcecode.swift; path = BusViewer.swift; sourceTree = "<group>"; };
		349FCD9721D849B70001977B /* Bronco Express.app */ = {isa = PBXFileReference; explicitFileType = wrapper.application; includeInIndex = 0; path = "Bronco Express.app"; sourceTree = BUILT_PRODUCTS_DIR; };
		349FCD9A21D849B70001977B /* AppDelegate.swift */ = {isa = PBXFileReference; lastKnownFileType = sourcecode.swift; path = AppDelegate.swift; sourceTree = "<group>"; };
		349FCD9C21D849B70001977B /* ViewController.swift */ = {isa = PBXFileReference; lastKnownFileType = sourcecode.swift; path = ViewController.swift; sourceTree = "<group>"; };
		349FCD9F21D849B70001977B /* Base */ = {isa = PBXFileReference; lastKnownFileType = file.storyboard; name = Base; path = Base.lproj/Main.storyboard; sourceTree = "<group>"; };
		349FCDA421D849B80001977B /* Base */ = {isa = PBXFileReference; lastKnownFileType = file.storyboard; name = Base; path = Base.lproj/LaunchScreen.storyboard; sourceTree = "<group>"; };
		349FCDA621D849B80001977B /* Info.plist */ = {isa = PBXFileReference; lastKnownFileType = text.plist.xml; path = Info.plist; sourceTree = "<group>"; };
		349FCDAB21D849B80001977B /* Bronco ExpressUITests.xctest */ = {isa = PBXFileReference; explicitFileType = wrapper.cfbundle; includeInIndex = 0; path = "Bronco ExpressUITests.xctest"; sourceTree = BUILT_PRODUCTS_DIR; };
		349FCDAF21D849B80001977B /* Bronco_ExpressUITests.swift */ = {isa = PBXFileReference; lastKnownFileType = sourcecode.swift; path = Bronco_ExpressUITests.swift; sourceTree = "<group>"; };
		349FCDB121D849B80001977B /* Info.plist */ = {isa = PBXFileReference; lastKnownFileType = text.plist.xml; path = Info.plist; sourceTree = "<group>"; };
		34E5F3FF21DAFFEF006FB858 /* UIProgressViewStyling.swift */ = {isa = PBXFileReference; lastKnownFileType = sourcecode.swift; path = UIProgressViewStyling.swift; sourceTree = "<group>"; };
		34E5F40221DB01E0006FB858 /* Lato-Regular.ttf */ = {isa = PBXFileReference; lastKnownFileType = file; path = "Lato-Regular.ttf"; sourceTree = "<group>"; };
		34E5F40321DB01E0006FB858 /* Lato-Hairline.ttf */ = {isa = PBXFileReference; lastKnownFileType = file; path = "Lato-Hairline.ttf"; sourceTree = "<group>"; };
		34E5F40421DB01E0006FB858 /* Lato-Light.ttf */ = {isa = PBXFileReference; lastKnownFileType = file; path = "Lato-Light.ttf"; sourceTree = "<group>"; };
		34E5F40521DB01E0006FB858 /* Lato-Bold.ttf */ = {isa = PBXFileReference; lastKnownFileType = file; path = "Lato-Bold.ttf"; sourceTree = "<group>"; };
		7B6956AF51B828226C1B54A6 /* Pods_Bronco_ExpressUITests.framework */ = {isa = PBXFileReference; explicitFileType = wrapper.framework; includeInIndex = 0; path = Pods_Bronco_ExpressUITests.framework; sourceTree = BUILT_PRODUCTS_DIR; };
		986F4A5F413DF2BC8E1EE031 /* Pods-Bronco Express.debug.xcconfig */ = {isa = PBXFileReference; includeInIndex = 1; lastKnownFileType = text.xcconfig; name = "Pods-Bronco Express.debug.xcconfig"; path = "Pods/Target Support Files/Pods-Bronco Express/Pods-Bronco Express.debug.xcconfig"; sourceTree = "<group>"; };
		F703403678C0F211D1946539 /* Pods-Bronco ExpressUITests.release.xcconfig */ = {isa = PBXFileReference; includeInIndex = 1; lastKnownFileType = text.xcconfig; name = "Pods-Bronco ExpressUITests.release.xcconfig"; path = "Pods/Target Support Files/Pods-Bronco ExpressUITests/Pods-Bronco ExpressUITests.release.xcconfig"; sourceTree = "<group>"; };
/* End PBXFileReference section */

/* Begin PBXFrameworksBuildPhase section */
		349FCD9421D849B70001977B /* Frameworks */ = {
			isa = PBXFrameworksBuildPhase;
			buildActionMask = 2147483647;
			files = (
				B1771A630F858B3FB838BCF4 /* Pods_Bronco_Express.framework in Frameworks */,
			);
			runOnlyForDeploymentPostprocessing = 0;
		};
		349FCDA821D849B80001977B /* Frameworks */ = {
			isa = PBXFrameworksBuildPhase;
			buildActionMask = 2147483647;
			files = (
				3776DD7E4A31B7727CC548E3 /* Pods_Bronco_ExpressUITests.framework in Frameworks */,
			);
			runOnlyForDeploymentPostprocessing = 0;
		};
/* End PBXFrameworksBuildPhase section */

/* Begin PBXGroup section */
		349FCD8E21D849B70001977B = {
			isa = PBXGroup;
			children = (
				349FCD9921D849B70001977B /* Bronco Express */,
				349FCDAE21D849B80001977B /* Bronco ExpressUITests */,
				349FCD9821D849B70001977B /* Products */,
				50DA9CB361EAA55E73A67A52 /* Pods */,
				3AFD7040C91EEB529A5F8C11 /* Frameworks */,
			);
			sourceTree = "<group>";
		};
		349FCD9821D849B70001977B /* Products */ = {
			isa = PBXGroup;
			children = (
				349FCD9721D849B70001977B /* Bronco Express.app */,
				349FCDAB21D849B80001977B /* Bronco ExpressUITests.xctest */,
			);
			name = Products;
			sourceTree = "<group>";
		};
		349FCD9921D849B70001977B /* Bronco Express */ = {
			isa = PBXGroup;
			children = (
				34E5F40521DB01E0006FB858 /* Lato-Bold.ttf */,
				34E5F40321DB01E0006FB858 /* Lato-Hairline.ttf */,
				34E5F40421DB01E0006FB858 /* Lato-Light.ttf */,
				34E5F40221DB01E0006FB858 /* Lato-Regular.ttf */,
				349FCD9A21D849B70001977B /* AppDelegate.swift */,
				349FCD9C21D849B70001977B /* ViewController.swift */,
				349FCD9E21D849B70001977B /* Main.storyboard */,
				349F5F6521D84A4D007CA2D3 /* BusViewer.swift */,
				34E5F3FF21DAFFEF006FB858 /* UIProgressViewStyling.swift */,
				349F5F6421D84A4D007CA2D3 /* Model.swift */,
				349F5F6321D84A4D007CA2D3 /* RouteTableController.swift */,
				349F5F6221D84A4D007CA2D3 /* StopTableController.swift */,
				349FCDA321D849B80001977B /* LaunchScreen.storyboard */,
				3453DABD21DEF16F0033F5F7 /* Assets.xcassets */,
				349FCDA621D849B80001977B /* Info.plist */,
			);
			path = "Bronco Express";
			sourceTree = "<group>";
		};
		349FCDAE21D849B80001977B /* Bronco ExpressUITests */ = {
			isa = PBXGroup;
			children = (
				349FCDAF21D849B80001977B /* Bronco_ExpressUITests.swift */,
				349FCDB121D849B80001977B /* Info.plist */,
			);
			path = "Bronco ExpressUITests";
			sourceTree = "<group>";
		};
		3AFD7040C91EEB529A5F8C11 /* Frameworks */ = {
			isa = PBXGroup;
			children = (
				3345EE871A06B02A24FAD9AA /* Pods_Bronco_Express.framework */,
				7B6956AF51B828226C1B54A6 /* Pods_Bronco_ExpressUITests.framework */,
			);
			name = Frameworks;
			sourceTree = "<group>";
		};
		50DA9CB361EAA55E73A67A52 /* Pods */ = {
			isa = PBXGroup;
			children = (
				986F4A5F413DF2BC8E1EE031 /* Pods-Bronco Express.debug.xcconfig */,
				32E8CA87CDF9179F34C92E19 /* Pods-Bronco Express.release.xcconfig */,
				11C0E40F8DB7EC121F363435 /* Pods-Bronco ExpressUITests.debug.xcconfig */,
				F703403678C0F211D1946539 /* Pods-Bronco ExpressUITests.release.xcconfig */,
			);
			name = Pods;
			sourceTree = "<group>";
		};
/* End PBXGroup section */

/* Begin PBXNativeTarget section */
		349FCD9621D849B70001977B /* Bronco Express */ = {
			isa = PBXNativeTarget;
			buildConfigurationList = 349FCDB421D849B80001977B /* Build configuration list for PBXNativeTarget "Bronco Express" */;
			buildPhases = (
				D051917196BC092F267CE83E /* [CP] Check Pods Manifest.lock */,
				349FCD9321D849B70001977B /* Sources */,
				349FCD9421D849B70001977B /* Frameworks */,
				349FCD9521D849B70001977B /* Resources */,
				15E9AFAD92AFE247F02AD32A /* [CP] Embed Pods Frameworks */,
			);
			buildRules = (
			);
			dependencies = (
			);
			name = "Bronco Express";
			productName = "Bronco Express";
			productReference = 349FCD9721D849B70001977B /* Bronco Express.app */;
			productType = "com.apple.product-type.application";
		};
		349FCDAA21D849B80001977B /* Bronco ExpressUITests */ = {
			isa = PBXNativeTarget;
			buildConfigurationList = 349FCDB721D849B80001977B /* Build configuration list for PBXNativeTarget "Bronco ExpressUITests" */;
			buildPhases = (
				AB4FD154BB5B2A3E08D6CB61 /* [CP] Check Pods Manifest.lock */,
				349FCDA721D849B80001977B /* Sources */,
				349FCDA821D849B80001977B /* Frameworks */,
				349FCDA921D849B80001977B /* Resources */,
			);
			buildRules = (
			);
			dependencies = (
				349FCDAD21D849B80001977B /* PBXTargetDependency */,
			);
			name = "Bronco ExpressUITests";
			productName = "Bronco ExpressUITests";
			productReference = 349FCDAB21D849B80001977B /* Bronco ExpressUITests.xctest */;
			productType = "com.apple.product-type.bundle.ui-testing";
		};
/* End PBXNativeTarget section */

/* Begin PBXProject section */
		349FCD8F21D849B70001977B /* Project object */ = {
			isa = PBXProject;
			attributes = {
				LastSwiftUpdateCheck = 1010;
				LastUpgradeCheck = 1010;
				ORGANIZATIONNAME = "Matthew Harris";
				TargetAttributes = {
					349FCD9621D849B70001977B = {
						CreatedOnToolsVersion = 10.1;
						SystemCapabilities = {
							com.apple.Siri = {
								enabled = 0;
							};
						};
					};
					349FCDAA21D849B80001977B = {
						CreatedOnToolsVersion = 10.1;
						TestTargetID = 349FCD9621D849B70001977B;
					};
				};
			};
			buildConfigurationList = 349FCD9221D849B70001977B /* Build configuration list for PBXProject "Bronco Express" */;
			compatibilityVersion = "Xcode 9.3";
			developmentRegion = en;
			hasScannedForEncodings = 0;
			knownRegions = (
				en,
				Base,
			);
			mainGroup = 349FCD8E21D849B70001977B;
			productRefGroup = 349FCD9821D849B70001977B /* Products */;
			projectDirPath = "";
			projectRoot = "";
			targets = (
				349FCD9621D849B70001977B /* Bronco Express */,
				349FCDAA21D849B80001977B /* Bronco ExpressUITests */,
			);
		};
/* End PBXProject section */

/* Begin PBXResourcesBuildPhase section */
		349FCD9521D849B70001977B /* Resources */ = {
			isa = PBXResourcesBuildPhase;
			buildActionMask = 2147483647;
			files = (
				34E5F40921DB01E1006FB858 /* Lato-Bold.ttf in Resources */,
				349FCDA521D849B80001977B /* LaunchScreen.storyboard in Resources */,
				34E5F40721DB01E1006FB858 /* Lato-Hairline.ttf in Resources */,
				34E5F40821DB01E1006FB858 /* Lato-Light.ttf in Resources */,
				3453DABE21DEF16F0033F5F7 /* Assets.xcassets in Resources */,
				349FCDA021D849B70001977B /* Main.storyboard in Resources */,
				34E5F40621DB01E1006FB858 /* Lato-Regular.ttf in Resources */,
			);
			runOnlyForDeploymentPostprocessing = 0;
		};
		349FCDA921D849B80001977B /* Resources */ = {
			isa = PBXResourcesBuildPhase;
			buildActionMask = 2147483647;
			files = (
			);
			runOnlyForDeploymentPostprocessing = 0;
		};
/* End PBXResourcesBuildPhase section */

/* Begin PBXShellScriptBuildPhase section */
		15E9AFAD92AFE247F02AD32A /* [CP] Embed Pods Frameworks */ = {
			isa = PBXShellScriptBuildPhase;
			buildActionMask = 2147483647;
			files = (
			);
			inputFileListPaths = (
			);
			inputPaths = (
				"${SRCROOT}/Pods/Target Support Files/Pods-Bronco Express/Pods-Bronco Express-frameworks.sh",
				"${BUILT_PRODUCTS_DIR}/Alamofire/Alamofire.framework",
				"${BUILT_PRODUCTS_DIR}/DynamicBlurView/DynamicBlurView.framework",
				"${BUILT_PRODUCTS_DIR}/PopupDialog/PopupDialog.framework",
			);
			name = "[CP] Embed Pods Frameworks";
			outputFileListPaths = (
			);
			outputPaths = (
				"${TARGET_BUILD_DIR}/${FRAMEWORKS_FOLDER_PATH}/Alamofire.framework",
				"${TARGET_BUILD_DIR}/${FRAMEWORKS_FOLDER_PATH}/DynamicBlurView.framework",
				"${TARGET_BUILD_DIR}/${FRAMEWORKS_FOLDER_PATH}/PopupDialog.framework",
			);
			runOnlyForDeploymentPostprocessing = 0;
			shellPath = /bin/sh;
			shellScript = "\"${SRCROOT}/Pods/Target Support Files/Pods-Bronco Express/Pods-Bronco Express-frameworks.sh\"\n";
			showEnvVarsInLog = 0;
		};
		AB4FD154BB5B2A3E08D6CB61 /* [CP] Check Pods Manifest.lock */ = {
			isa = PBXShellScriptBuildPhase;
			buildActionMask = 2147483647;
			files = (
			);
			inputFileListPaths = (
			);
			inputPaths = (
				"${PODS_PODFILE_DIR_PATH}/Podfile.lock",
				"${PODS_ROOT}/Manifest.lock",
			);
			name = "[CP] Check Pods Manifest.lock";
			outputFileListPaths = (
			);
			outputPaths = (
				"$(DERIVED_FILE_DIR)/Pods-Bronco ExpressUITests-checkManifestLockResult.txt",
			);
			runOnlyForDeploymentPostprocessing = 0;
			shellPath = /bin/sh;
			shellScript = "diff \"${PODS_PODFILE_DIR_PATH}/Podfile.lock\" \"${PODS_ROOT}/Manifest.lock\" > /dev/null\nif [ $? != 0 ] ; then\n    # print error to STDERR\n    echo \"error: The sandbox is not in sync with the Podfile.lock. Run 'pod install' or update your CocoaPods installation.\" >&2\n    exit 1\nfi\n# This output is used by Xcode 'outputs' to avoid re-running this script phase.\necho \"SUCCESS\" > \"${SCRIPT_OUTPUT_FILE_0}\"\n";
			showEnvVarsInLog = 0;
		};
		D051917196BC092F267CE83E /* [CP] Check Pods Manifest.lock */ = {
			isa = PBXShellScriptBuildPhase;
			buildActionMask = 2147483647;
			files = (
			);
			inputFileListPaths = (
			);
			inputPaths = (
				"${PODS_PODFILE_DIR_PATH}/Podfile.lock",
				"${PODS_ROOT}/Manifest.lock",
			);
			name = "[CP] Check Pods Manifest.lock";
			outputFileListPaths = (
			);
			outputPaths = (
				"$(DERIVED_FILE_DIR)/Pods-Bronco Express-checkManifestLockResult.txt",
			);
			runOnlyForDeploymentPostprocessing = 0;
			shellPath = /bin/sh;
			shellScript = "diff \"${PODS_PODFILE_DIR_PATH}/Podfile.lock\" \"${PODS_ROOT}/Manifest.lock\" > /dev/null\nif [ $? != 0 ] ; then\n    # print error to STDERR\n    echo \"error: The sandbox is not in sync with the Podfile.lock. Run 'pod install' or update your CocoaPods installation.\" >&2\n    exit 1\nfi\n# This output is used by Xcode 'outputs' to avoid re-running this script phase.\necho \"SUCCESS\" > \"${SCRIPT_OUTPUT_FILE_0}\"\n";
			showEnvVarsInLog = 0;
		};
/* End PBXShellScriptBuildPhase section */

/* Begin PBXSourcesBuildPhase section */
		349FCD9321D849B70001977B /* Sources */ = {
			isa = PBXSourcesBuildPhase;
			buildActionMask = 2147483647;
			files = (
				349F5F6821D84A4E007CA2D3 /* Model.swift in Sources */,
				349F5F6721D84A4E007CA2D3 /* RouteTableController.swift in Sources */,
				349FCD9D21D849B70001977B /* ViewController.swift in Sources */,
				34E5F40021DAFFEF006FB858 /* UIProgressViewStyling.swift in Sources */,
				349F5F6621D84A4E007CA2D3 /* StopTableController.swift in Sources */,
				349F5F6921D84A4E007CA2D3 /* BusViewer.swift in Sources */,
				349FCD9B21D849B70001977B /* AppDelegate.swift in Sources */,
			);
			runOnlyForDeploymentPostprocessing = 0;
		};
		349FCDA721D849B80001977B /* Sources */ = {
			isa = PBXSourcesBuildPhase;
			buildActionMask = 2147483647;
			files = (
				349FCDB021D849B80001977B /* Bronco_ExpressUITests.swift in Sources */,
			);
			runOnlyForDeploymentPostprocessing = 0;
		};
/* End PBXSourcesBuildPhase section */

/* Begin PBXTargetDependency section */
		349FCDAD21D849B80001977B /* PBXTargetDependency */ = {
			isa = PBXTargetDependency;
			target = 349FCD9621D849B70001977B /* Bronco Express */;
			targetProxy = 349FCDAC21D849B80001977B /* PBXContainerItemProxy */;
		};
/* End PBXTargetDependency section */

/* Begin PBXVariantGroup section */
		349FCD9E21D849B70001977B /* Main.storyboard */ = {
			isa = PBXVariantGroup;
			children = (
				349FCD9F21D849B70001977B /* Base */,
			);
			name = Main.storyboard;
			sourceTree = "<group>";
		};
		349FCDA321D849B80001977B /* LaunchScreen.storyboard */ = {
			isa = PBXVariantGroup;
			children = (
				349FCDA421D849B80001977B /* Base */,
			);
			name = LaunchScreen.storyboard;
			sourceTree = "<group>";
		};
/* End PBXVariantGroup section */

/* Begin XCBuildConfiguration section */
		349FCDB221D849B80001977B /* Debug */ = {
			isa = XCBuildConfiguration;
			buildSettings = {
				ALWAYS_SEARCH_USER_PATHS = NO;
				CLANG_ANALYZER_NONNULL = YES;
				CLANG_ANALYZER_NUMBER_OBJECT_CONVERSION = YES_AGGRESSIVE;
				CLANG_CXX_LANGUAGE_STANDARD = "gnu++14";
				CLANG_CXX_LIBRARY = "libc++";
				CLANG_ENABLE_MODULES = YES;
				CLANG_ENABLE_OBJC_ARC = YES;
				CLANG_ENABLE_OBJC_WEAK = YES;
				CLANG_WARN_BLOCK_CAPTURE_AUTORELEASING = YES;
				CLANG_WARN_BOOL_CONVERSION = YES;
				CLANG_WARN_COMMA = YES;
				CLANG_WARN_CONSTANT_CONVERSION = YES;
				CLANG_WARN_DEPRECATED_OBJC_IMPLEMENTATIONS = YES;
				CLANG_WARN_DIRECT_OBJC_ISA_USAGE = YES_ERROR;
				CLANG_WARN_DOCUMENTATION_COMMENTS = YES;
				CLANG_WARN_EMPTY_BODY = YES;
				CLANG_WARN_ENUM_CONVERSION = YES;
				CLANG_WARN_INFINITE_RECURSION = YES;
				CLANG_WARN_INT_CONVERSION = YES;
				CLANG_WARN_NON_LITERAL_NULL_CONVERSION = YES;
				CLANG_WARN_OBJC_IMPLICIT_RETAIN_SELF = YES;
				CLANG_WARN_OBJC_LITERAL_CONVERSION = YES;
				CLANG_WARN_OBJC_ROOT_CLASS = YES_ERROR;
				CLANG_WARN_RANGE_LOOP_ANALYSIS = YES;
				CLANG_WARN_STRICT_PROTOTYPES = YES;
				CLANG_WARN_SUSPICIOUS_MOVE = YES;
				CLANG_WARN_UNGUARDED_AVAILABILITY = YES_AGGRESSIVE;
				CLANG_WARN_UNREACHABLE_CODE = YES;
				CLANG_WARN__DUPLICATE_METHOD_MATCH = YES;
				CODE_SIGN_IDENTITY = "iPhone Developer";
				COPY_PHASE_STRIP = NO;
				DEBUG_INFORMATION_FORMAT = dwarf;
				ENABLE_STRICT_OBJC_MSGSEND = YES;
				ENABLE_TESTABILITY = YES;
				GCC_C_LANGUAGE_STANDARD = gnu11;
				GCC_DYNAMIC_NO_PIC = NO;
				GCC_NO_COMMON_BLOCKS = YES;
				GCC_OPTIMIZATION_LEVEL = 0;
				GCC_PREPROCESSOR_DEFINITIONS = (
					"DEBUG=1",
					"$(inherited)",
				);
				GCC_WARN_64_TO_32_BIT_CONVERSION = YES;
				GCC_WARN_ABOUT_RETURN_TYPE = YES_ERROR;
				GCC_WARN_UNDECLARED_SELECTOR = YES;
				GCC_WARN_UNINITIALIZED_AUTOS = YES_AGGRESSIVE;
				GCC_WARN_UNUSED_FUNCTION = YES;
				GCC_WARN_UNUSED_VARIABLE = YES;
				IPHONEOS_DEPLOYMENT_TARGET = 12.1;
				MTL_ENABLE_DEBUG_INFO = INCLUDE_SOURCE;
				MTL_FAST_MATH = YES;
				ONLY_ACTIVE_ARCH = YES;
				SDKROOT = iphoneos;
				SWIFT_ACTIVE_COMPILATION_CONDITIONS = DEBUG;
				SWIFT_OPTIMIZATION_LEVEL = "-Onone";
			};
			name = Debug;
		};
		349FCDB321D849B80001977B /* Release */ = {
			isa = XCBuildConfiguration;
			buildSettings = {
				ALWAYS_SEARCH_USER_PATHS = NO;
				CLANG_ANALYZER_NONNULL = YES;
				CLANG_ANALYZER_NUMBER_OBJECT_CONVERSION = YES_AGGRESSIVE;
				CLANG_CXX_LANGUAGE_STANDARD = "gnu++14";
				CLANG_CXX_LIBRARY = "libc++";
				CLANG_ENABLE_MODULES = YES;
				CLANG_ENABLE_OBJC_ARC = YES;
				CLANG_ENABLE_OBJC_WEAK = YES;
				CLANG_WARN_BLOCK_CAPTURE_AUTORELEASING = YES;
				CLANG_WARN_BOOL_CONVERSION = YES;
				CLANG_WARN_COMMA = YES;
				CLANG_WARN_CONSTANT_CONVERSION = YES;
				CLANG_WARN_DEPRECATED_OBJC_IMPLEMENTATIONS = YES;
				CLANG_WARN_DIRECT_OBJC_ISA_USAGE = YES_ERROR;
				CLANG_WARN_DOCUMENTATION_COMMENTS = YES;
				CLANG_WARN_EMPTY_BODY = YES;
				CLANG_WARN_ENUM_CONVERSION = YES;
				CLANG_WARN_INFINITE_RECURSION = YES;
				CLANG_WARN_INT_CONVERSION = YES;
				CLANG_WARN_NON_LITERAL_NULL_CONVERSION = YES;
				CLANG_WARN_OBJC_IMPLICIT_RETAIN_SELF = YES;
				CLANG_WARN_OBJC_LITERAL_CONVERSION = YES;
				CLANG_WARN_OBJC_ROOT_CLASS = YES_ERROR;
				CLANG_WARN_RANGE_LOOP_ANALYSIS = YES;
				CLANG_WARN_STRICT_PROTOTYPES = YES;
				CLANG_WARN_SUSPICIOUS_MOVE = YES;
				CLANG_WARN_UNGUARDED_AVAILABILITY = YES_AGGRESSIVE;
				CLANG_WARN_UNREACHABLE_CODE = YES;
				CLANG_WARN__DUPLICATE_METHOD_MATCH = YES;
				CODE_SIGN_IDENTITY = "iPhone Developer";
				COPY_PHASE_STRIP = NO;
				DEBUG_INFORMATION_FORMAT = "dwarf-with-dsym";
				ENABLE_NS_ASSERTIONS = NO;
				ENABLE_STRICT_OBJC_MSGSEND = YES;
				GCC_C_LANGUAGE_STANDARD = gnu11;
				GCC_NO_COMMON_BLOCKS = YES;
				GCC_WARN_64_TO_32_BIT_CONVERSION = YES;
				GCC_WARN_ABOUT_RETURN_TYPE = YES_ERROR;
				GCC_WARN_UNDECLARED_SELECTOR = YES;
				GCC_WARN_UNINITIALIZED_AUTOS = YES_AGGRESSIVE;
				GCC_WARN_UNUSED_FUNCTION = YES;
				GCC_WARN_UNUSED_VARIABLE = YES;
				IPHONEOS_DEPLOYMENT_TARGET = 12.1;
				MTL_ENABLE_DEBUG_INFO = NO;
				MTL_FAST_MATH = YES;
				SDKROOT = iphoneos;
				SWIFT_COMPILATION_MODE = wholemodule;
				SWIFT_OPTIMIZATION_LEVEL = "-O";
				VALIDATE_PRODUCT = YES;
			};
			name = Release;
		};
		349FCDB521D849B80001977B /* Debug */ = {
			isa = XCBuildConfiguration;
			baseConfigurationReference = 986F4A5F413DF2BC8E1EE031 /* Pods-Bronco Express.debug.xcconfig */;
			buildSettings = {
				ASSETCATALOG_COMPILER_APPICON_NAME = AppIcon;
				CODE_SIGN_STYLE = Automatic;
				DEVELOPMENT_TEAM = XB5AZ7SPQY;
				INFOPLIST_FILE = "Bronco Express/Info.plist";
				LD_RUNPATH_SEARCH_PATHS = (
					"$(inherited)",
					"@executable_path/Frameworks",
				);
				PRODUCT_BUNDLE_IDENTIFIER = "matthewharris.Bronco-Express";
				PRODUCT_NAME = "$(TARGET_NAME)";
				SWIFT_VERSION = 4.2;
				TARGETED_DEVICE_FAMILY = 1;
			};
			name = Debug;
		};
		349FCDB621D849B80001977B /* Release */ = {
			isa = XCBuildConfiguration;
			baseConfigurationReference = 32E8CA87CDF9179F34C92E19 /* Pods-Bronco Express.release.xcconfig */;
			buildSettings = {
				ASSETCATALOG_COMPILER_APPICON_NAME = AppIcon;
				CODE_SIGN_STYLE = Automatic;
				DEVELOPMENT_TEAM = XB5AZ7SPQY;
				INFOPLIST_FILE = "Bronco Express/Info.plist";
				LD_RUNPATH_SEARCH_PATHS = (
					"$(inherited)",
					"@executable_path/Frameworks",
				);
				PRODUCT_BUNDLE_IDENTIFIER = "matthewharris.Bronco-Express";
				PRODUCT_NAME = "$(TARGET_NAME)";
				SWIFT_VERSION = 4.2;
				TARGETED_DEVICE_FAMILY = 1;
			};
			name = Release;
		};
		349FCDB821D849B80001977B /* Debug */ = {
			isa = XCBuildConfiguration;
			baseConfigurationReference = 11C0E40F8DB7EC121F363435 /* Pods-Bronco ExpressUITests.debug.xcconfig */;
			buildSettings = {
				ALWAYS_EMBED_SWIFT_STANDARD_LIBRARIES = YES;
				CODE_SIGN_STYLE = Automatic;
				DEVELOPMENT_TEAM = XB5AZ7SPQY;
				INFOPLIST_FILE = "Bronco ExpressUITests/Info.plist";
				LD_RUNPATH_SEARCH_PATHS = (
					"$(inherited)",
					"@executable_path/Frameworks",
					"@loader_path/Frameworks",
				);
				PRODUCT_BUNDLE_IDENTIFIER = "matthewharris.Bronco-ExpressUITests";
				PRODUCT_NAME = "$(TARGET_NAME)";
				SWIFT_VERSION = 4.2;
				TARGETED_DEVICE_FAMILY = "1,2";
				TEST_TARGET_NAME = "Bronco Express";
			};
			name = Debug;
		};
		349FCDB921D849B80001977B /* Release */ = {
			isa = XCBuildConfiguration;
			baseConfigurationReference = F703403678C0F211D1946539 /* Pods-Bronco ExpressUITests.release.xcconfig */;
			buildSettings = {
				ALWAYS_EMBED_SWIFT_STANDARD_LIBRARIES = YES;
				CODE_SIGN_STYLE = Automatic;
				DEVELOPMENT_TEAM = XB5AZ7SPQY;
				INFOPLIST_FILE = "Bronco ExpressUITests/Info.plist";
				LD_RUNPATH_SEARCH_PATHS = (
					"$(inherited)",
					"@executable_path/Frameworks",
					"@loader_path/Frameworks",
				);
				PRODUCT_BUNDLE_IDENTIFIER = "matthewharris.Bronco-ExpressUITests";
				PRODUCT_NAME = "$(TARGET_NAME)";
				SWIFT_VERSION = 4.2;
				TARGETED_DEVICE_FAMILY = "1,2";
				TEST_TARGET_NAME = "Bronco Express";
			};
			name = Release;
		};
/* End XCBuildConfiguration section */

/* Begin XCConfigurationList section */
		349FCD9221D849B70001977B /* Build configuration list for PBXProject "Bronco Express" */ = {
			isa = XCConfigurationList;
			buildConfigurations = (
				349FCDB221D849B80001977B /* Debug */,
				349FCDB321D849B80001977B /* Release */,
			);
			defaultConfigurationIsVisible = 0;
			defaultConfigurationName = Release;
		};
		349FCDB421D849B80001977B /* Build configuration list for PBXNativeTarget "Bronco Express" */ = {
			isa = XCConfigurationList;
			buildConfigurations = (
				349FCDB521D849B80001977B /* Debug */,
				349FCDB621D849B80001977B /* Release */,
			);
			defaultConfigurationIsVisible = 0;
			defaultConfigurationName = Release;
		};
		349FCDB721D849B80001977B /* Build configuration list for PBXNativeTarget "Bronco ExpressUITests" */ = {
			isa = XCConfigurationList;
			buildConfigurations = (
				349FCDB821D849B80001977B /* Debug */,
				349FCDB921D849B80001977B /* Release */,
			);
			defaultConfigurationIsVisible = 0;
			defaultConfigurationName = Release;
		};
/* End XCConfigurationList section */
	};
	rootObject = 349FCD8F21D849B70001977B /* Project object */;
}
